
Microsoft Visual Studio Solution File, Format Version 12.00
# Visual Studio Version 17
VisualStudioVersion = 17.10.34902.84
MinimumVisualStudioVersion = 10.0.40219.1
Project("{FAE04EC0-301F-11D3-BF4B-00C04F79EFBC}") = "FakeBankAPI", "FakeBankAPI\FakeBankAPI.csproj", "{B56FD927-24AF-41D1-AE6D-65BF0706B3B8}"
EndProject
Global
	GlobalSection(SolutionConfigurationPlatforms) = preSolution
		Debug|Any CPU = Debug|Any CPU
		Release|Any CPU = Release|Any CPU
	EndGlobalSection
	GlobalSection(ProjectConfigurationPlatforms) = postSolution
		{B56FD927-24AF-41D1-AE6D-65BF0706B3B8}.Debug|Any CPU.ActiveCfg = Debug|Any CPU
		{B56FD927-24AF-41D1-AE6D-65BF0706B3B8}.Debug|Any CPU.Build.0 = Debug|Any CPU
		{B56FD927-24AF-41D1-AE6D-65BF0706B3B8}.Release|Any CPU.ActiveCfg = Release|Any CPU
		{B56FD927-24AF-41D1-AE6D-65BF0706B3B8}.Release|Any CPU.Build.0 = Release|Any CPU
	EndGlobalSection
	GlobalSection(SolutionProperties) = preSolution
		HideSolutionNode = FALSE
	EndGlobalSection
	GlobalSection(ExtensibilityGlobals) = postSolution
		SolutionGuid = {A44F14E1-AE26-4B19-9BF6-3C84407C50CE}
	EndGlobalSection
EndGlobal
